
Microsoft Visual Studio Solution File, Format Version 12.00
# Visual Studio Version 16
VisualStudioVersion = 16.0.30011.22
MinimumVisualStudioVersion = 10.0.40219.1
Project("{FAE04EC0-301F-11D3-BF4B-00C04F79EFBC}") = "IBM-ASSESSMENT-PREP", "IBM-ASSESSMENT-PREP\IBM-ASSESSMENT-PREP.csproj", "{1A7306CD-F9E2-42A6-B341-6248A550A623}"
EndProject
Global
	GlobalSection(SolutionConfigurationPlatforms) = preSolution
		Debug|Any CPU = Debug|Any CPU
		Release|Any CPU = Release|Any CPU
	EndGlobalSection
	GlobalSection(ProjectConfigurationPlatforms) = postSolution
		{1A7306CD-F9E2-42A6-B341-6248A550A623}.Debug|Any CPU.ActiveCfg = Debug|Any CPU
		{1A7306CD-F9E2-42A6-B341-6248A550A623}.Debug|Any CPU.Build.0 = Debug|Any CPU
		{1A7306CD-F9E2-42A6-B341-6248A550A623}.Release|Any CPU.ActiveCfg = Release|Any CPU
		{1A7306CD-F9E2-42A6-B341-6248A550A623}.Release|Any CPU.Build.0 = Release|Any CPU
	EndGlobalSection
	GlobalSection(SolutionProperties) = preSolution
		HideSolutionNode = FALSE
	EndGlobalSection
	GlobalSection(ExtensibilityGlobals) = postSolution
		SolutionGuid = {6CDC8C7B-F95A-473D-B47A-929D26C56EFD}
	EndGlobalSection
EndGlobal
