
Microsoft Visual Studio Solution File, Format Version 12.00
# Visual Studio 15
VisualStudioVersion = 15.0.27130.2020
MinimumVisualStudioVersion = 10.0.40219.1
Project("{00D1A9C2-B5F0-4AF3-8072-F6C62B433612}") = "Database1", "Database1\Database1.sqlproj", "{A91EE78F-A704-406B-83E5-F0B7C69A3B2D}"
EndProject
Global
	GlobalSection(SolutionConfigurationPlatforms) = preSolution
		Debug|Any CPU = Debug|Any CPU
		Release|Any CPU = Release|Any CPU
	EndGlobalSection
	GlobalSection(ProjectConfigurationPlatforms) = postSolution
		{A91EE78F-A704-406B-83E5-F0B7C69A3B2D}.Debug|Any CPU.ActiveCfg = Debug|Any CPU
		{A91EE78F-A704-406B-83E5-F0B7C69A3B2D}.Debug|Any CPU.Build.0 = Debug|Any CPU
		{A91EE78F-A704-406B-83E5-F0B7C69A3B2D}.Debug|Any CPU.Deploy.0 = Debug|Any CPU
		{A91EE78F-A704-406B-83E5-F0B7C69A3B2D}.Release|Any CPU.ActiveCfg = Release|Any CPU
		{A91EE78F-A704-406B-83E5-F0B7C69A3B2D}.Release|Any CPU.Build.0 = Release|Any CPU
		{A91EE78F-A704-406B-83E5-F0B7C69A3B2D}.Release|Any CPU.Deploy.0 = Release|Any CPU
	EndGlobalSection
	GlobalSection(SolutionProperties) = preSolution
		HideSolutionNode = FALSE
	EndGlobalSection
	GlobalSection(ExtensibilityGlobals) = postSolution
		SolutionGuid = {5EB764E0-FB25-4326-9060-A61A8D3EE1FF}
	EndGlobalSection
EndGlobal
